
Microsoft Visual Studio Solution File, Format Version 12.00
# Visual Studio Version 16
VisualStudioVersion = 16.0.33801.447
MinimumVisualStudioVersion = 10.0.40219.1
Project("{FAE04EC0-301F-11D3-BF4B-00C04F79EFBC}") = "GymManagementSystem", "GymManagementSystem\GymManagementSystem.csproj", "{1319BACC-240C-4CFE-B4F0-E3976ED5EE80}"
EndProject
Project("{FAE04EC0-301F-11D3-BF4B-00C04F79EFBC}") = "GymManagementSystem.BLL", "GymManagementSystem.BLL\GymManagementSystem.BLL.csproj", "{78805298-85AE-447C-808A-72C9E652689C}"
EndProject
Project("{FAE04EC0-301F-11D3-BF4B-00C04F79EFBC}") = "GymManagementSystem.DAL", "GymManagementSystem.DAL\GymManagementSystem.DAL.csproj", "{23C4F823-8053-42A6-B993-86340C648439}"
EndProject
Project("{FAE04EC0-301F-11D3-BF4B-00C04F79EFBC}") = "GymManagementSystem.Model", "GymManagementSystem.Model\GymManagementSystem.Model.csproj", "{96A19BC8-C66C-4A9A-ADFC-44701B3E0398}"
EndProject
Project("{FAE04EC0-301F-11D3-BF4B-00C04F79EFBC}") = "GymManagementSystem.Data", "GymManagementSystem.Data\GymManagementSystem.Data.csproj", "{35E811C9-29F3-4F1A-B309-DF743DDC3A7C}"
EndProject
Global
	GlobalSection(SolutionConfigurationPlatforms) = preSolution
		Debug|Any CPU = Debug|Any CPU
		Release|Any CPU = Release|Any CPU
	EndGlobalSection
	GlobalSection(ProjectConfigurationPlatforms) = postSolution
		{1319BACC-240C-4CFE-B4F0-E3976ED5EE80}.Debug|Any CPU.ActiveCfg = Debug|Any CPU
		{1319BACC-240C-4CFE-B4F0-E3976ED5EE80}.Debug|Any CPU.Build.0 = Debug|Any CPU
		{1319BACC-240C-4CFE-B4F0-E3976ED5EE80}.Release|Any CPU.ActiveCfg = Release|Any CPU
		{1319BACC-240C-4CFE-B4F0-E3976ED5EE80}.Release|Any CPU.Build.0 = Release|Any CPU
		{78805298-85AE-447C-808A-72C9E652689C}.Debug|Any CPU.ActiveCfg = Debug|Any CPU
		{78805298-85AE-447C-808A-72C9E652689C}.Debug|Any CPU.Build.0 = Debug|Any CPU
		{78805298-85AE-447C-808A-72C9E652689C}.Release|Any CPU.ActiveCfg = Release|Any CPU
		{78805298-85AE-447C-808A-72C9E652689C}.Release|Any CPU.Build.0 = Release|Any CPU
		{23C4F823-8053-42A6-B993-86340C648439}.Debug|Any CPU.ActiveCfg = Debug|Any CPU
		{23C4F823-8053-42A6-B993-86340C648439}.Debug|Any CPU.Build.0 = Debug|Any CPU
		{23C4F823-8053-42A6-B993-86340C648439}.Release|Any CPU.ActiveCfg = Release|Any CPU
		{23C4F823-8053-42A6-B993-86340C648439}.Release|Any CPU.Build.0 = Release|Any CPU
		{96A19BC8-C66C-4A9A-ADFC-44701B3E0398}.Debug|Any CPU.ActiveCfg = Debug|Any CPU
		{96A19BC8-C66C-4A9A-ADFC-44701B3E0398}.Debug|Any CPU.Build.0 = Debug|Any CPU
		{96A19BC8-C66C-4A9A-ADFC-44701B3E0398}.Release|Any CPU.ActiveCfg = Release|Any CPU
		{96A19BC8-C66C-4A9A-ADFC-44701B3E0398}.Release|Any CPU.Build.0 = Release|Any CPU
		{35E811C9-29F3-4F1A-B309-DF743DDC3A7C}.Debug|Any CPU.ActiveCfg = Debug|Any CPU
		{35E811C9-29F3-4F1A-B309-DF743DDC3A7C}.Debug|Any CPU.Build.0 = Debug|Any CPU
		{35E811C9-29F3-4F1A-B309-DF743DDC3A7C}.Release|Any CPU.ActiveCfg = Release|Any CPU
		{35E811C9-29F3-4F1A-B309-DF743DDC3A7C}.Release|Any CPU.Build.0 = Release|Any CPU
	EndGlobalSection
	GlobalSection(SolutionProperties) = preSolution
		HideSolutionNode = FALSE
	EndGlobalSection
	GlobalSection(ExtensibilityGlobals) = postSolution
		SolutionGuid = {B3D318CF-BB40-431E-9D07-732DB020B2C8}
	EndGlobalSection
EndGlobal
